
Microsoft Visual Studio Solution File, Format Version 12.00
# Visual Studio Version 17
VisualStudioVersion = 17.1.32407.343
MinimumVisualStudioVersion = 10.0.40219.1
Project("{9A19103F-16F7-4668-BE54-9A1E7A4F7556}") = "DavidMilor.PagedData", "DavidMilor.PagedData\DavidMilor.PagedData.csproj", "{AECBE0EC-3E36-4219-9873-E20938C5ADE8}"
EndProject
Project("{9A19103F-16F7-4668-BE54-9A1E7A4F7556}") = "DavidMilor.PagedData.Tests", "DavidMilor.PagedData.Tests\DavidMilor.PagedData.Tests.csproj", "{90A8AC9B-01A8-44D0-AB02-608E58EBBF6B}"
EndProject
Project("{2150E333-8FDC-42A3-9474-1A3956D46DE8}") = "Solution Items", "Solution Items", "{DDD21CB1-42AF-4E3E-B6FC-8FBCF4CD8B26}"
	ProjectSection(SolutionItems) = preProject
		README.md = README.md
	EndProjectSection
EndProject
Global
	GlobalSection(SolutionConfigurationPlatforms) = preSolution
		Debug|Any CPU = Debug|Any CPU
		Release|Any CPU = Release|Any CPU
	EndGlobalSection
	GlobalSection(ProjectConfigurationPlatforms) = postSolution
		{AECBE0EC-3E36-4219-9873-E20938C5ADE8}.Debug|Any CPU.ActiveCfg = Debug|Any CPU
		{AECBE0EC-3E36-4219-9873-E20938C5ADE8}.Debug|Any CPU.Build.0 = Debug|Any CPU
		{AECBE0EC-3E36-4219-9873-E20938C5ADE8}.Release|Any CPU.ActiveCfg = Release|Any CPU
		{AECBE0EC-3E36-4219-9873-E20938C5ADE8}.Release|Any CPU.Build.0 = Release|Any CPU
		{90A8AC9B-01A8-44D0-AB02-608E58EBBF6B}.Debug|Any CPU.ActiveCfg = Debug|Any CPU
		{90A8AC9B-01A8-44D0-AB02-608E58EBBF6B}.Debug|Any CPU.Build.0 = Debug|Any CPU
		{90A8AC9B-01A8-44D0-AB02-608E58EBBF6B}.Release|Any CPU.ActiveCfg = Release|Any CPU
		{90A8AC9B-01A8-44D0-AB02-608E58EBBF6B}.Release|Any CPU.Build.0 = Release|Any CPU
	EndGlobalSection
	GlobalSection(SolutionProperties) = preSolution
		HideSolutionNode = FALSE
	EndGlobalSection
	GlobalSection(ExtensibilityGlobals) = postSolution
		SolutionGuid = {704E73C8-E307-4517-9958-5BBF7D48D684}
	EndGlobalSection
EndGlobal
